// !$*UTF8*$!
{
	archiveVersion = 1;
	classes = {
	};
	objectVersion = 50;
	objects = {

/* Begin PBXBuildFile section */
		FE4E62D221E2A2AF0001BB5E /* TabBarController.swift in Sources */ = {isa = PBXBuildFile; fileRef = FE4E62D121E2A2AF0001BB5E /* TabBarController.swift */; };
		FE59BE7221D94998006EA7CC /* AppDelegate.swift in Sources */ = {isa = PBXBuildFile; fileRef = FE59BE7121D94998006EA7CC /* AppDelegate.swift */; };
		FE59BE7421D94998006EA7CC /* LoginViewController.swift in Sources */ = {isa = PBXBuildFile; fileRef = FE59BE7321D94998006EA7CC /* LoginViewController.swift */; };
		FE59BE7721D94998006EA7CC /* Main.storyboard in Resources */ = {isa = PBXBuildFile; fileRef = FE59BE7521D94998006EA7CC /* Main.storyboard */; };
		FE59BE7C21D94999006EA7CC /* LaunchScreen.storyboard in Resources */ = {isa = PBXBuildFile; fileRef = FE59BE7A21D94999006EA7CC /* LaunchScreen.storyboard */; };
		FE59BE8D21D94DF6006EA7CC /* Assets.xcassets in Resources */ = {isa = PBXBuildFile; fileRef = FE59BE8C21D94DF6006EA7CC /* Assets.xcassets */; };
		FE5AE22821E0284D0098EFF0 /* UdacityConvenience.swift in Sources */ = {isa = PBXBuildFile; fileRef = FE5AE22721E0284D0098EFF0 /* UdacityConvenience.swift */; };
		FEDAAD1321DD115000AA3346 /* UdacityConstants.swift in Sources */ = {isa = PBXBuildFile; fileRef = FEDAAD1221DD115000AA3346 /* UdacityConstants.swift */; };
		FEDAAD1521DD116200AA3346 /* UdacityClient.swift in Sources */ = {isa = PBXBuildFile; fileRef = FEDAAD1421DD116200AA3346 /* UdacityClient.swift */; };
		FEDAAD1721DD631000AA3346 /* ParseConstants.swift in Sources */ = {isa = PBXBuildFile; fileRef = FEDAAD1621DD631000AA3346 /* ParseConstants.swift */; };
		FEDAAD1921DD631B00AA3346 /* ParseClient.swift in Sources */ = {isa = PBXBuildFile; fileRef = FEDAAD1821DD631B00AA3346 /* ParseClient.swift */; };
/* End PBXBuildFile section */

/* Begin PBXFileReference section */
		FE4E62D121E2A2AF0001BB5E /* TabBarController.swift */ = {isa = PBXFileReference; lastKnownFileType = sourcecode.swift; path = TabBarController.swift; sourceTree = "<group>"; };
		FE59BE6E21D94998006EA7CC /* on the map.app */ = {isa = PBXFileReference; explicitFileType = wrapper.application; includeInIndex = 0; path = "on the map.app"; sourceTree = BUILT_PRODUCTS_DIR; };
		FE59BE7121D94998006EA7CC /* AppDelegate.swift */ = {isa = PBXFileReference; lastKnownFileType = sourcecode.swift; path = AppDelegate.swift; sourceTree = "<group>"; };
		FE59BE7321D94998006EA7CC /* LoginViewController.swift */ = {isa = PBXFileReference; lastKnownFileType = sourcecode.swift; path = LoginViewController.swift; sourceTree = "<group>"; };
		FE59BE7621D94998006EA7CC /* Base */ = {isa = PBXFileReference; lastKnownFileType = file.storyboard; name = Base; path = Base.lproj/Main.storyboard; sourceTree = "<group>"; };
		FE59BE7B21D94999006EA7CC /* Base */ = {isa = PBXFileReference; lastKnownFileType = file.storyboard; name = Base; path = Base.lproj/LaunchScreen.storyboard; sourceTree = "<group>"; };
		FE59BE7D21D94999006EA7CC /* Info.plist */ = {isa = PBXFileReference; lastKnownFileType = text.plist.xml; path = Info.plist; sourceTree = "<group>"; };
		FE59BE8C21D94DF6006EA7CC /* Assets.xcassets */ = {isa = PBXFileReference; lastKnownFileType = folder.assetcatalog; name = Assets.xcassets; path = "../../../../GDC e requisições de rede/fromGithub/ios-nd-networking/TheMovieManagerComplete/TheMovieManager/Assets.xcassets"; sourceTree = "<group>"; };
		FE5AE22721E0284D0098EFF0 /* UdacityConvenience.swift */ = {isa = PBXFileReference; lastKnownFileType = sourcecode.swift; path = UdacityConvenience.swift; sourceTree = "<group>"; };
		FEDAAD1221DD115000AA3346 /* UdacityConstants.swift */ = {isa = PBXFileReference; lastKnownFileType = sourcecode.swift; path = UdacityConstants.swift; sourceTree = "<group>"; };
		FEDAAD1421DD116200AA3346 /* UdacityClient.swift */ = {isa = PBXFileReference; lastKnownFileType = sourcecode.swift; path = UdacityClient.swift; sourceTree = "<group>"; };
		FEDAAD1621DD631000AA3346 /* ParseConstants.swift */ = {isa = PBXFileReference; lastKnownFileType = sourcecode.swift; path = ParseConstants.swift; sourceTree = "<group>"; };
		FEDAAD1821DD631B00AA3346 /* ParseClient.swift */ = {isa = PBXFileReference; lastKnownFileType = sourcecode.swift; path = ParseClient.swift; sourceTree = "<group>"; };
/* End PBXFileReference section */

/* Begin PBXFrameworksBuildPhase section */
		FE59BE6B21D94998006EA7CC /* Frameworks */ = {
			isa = PBXFrameworksBuildPhase;
			buildActionMask = 2147483647;
			files = (
			);
			runOnlyForDeploymentPostprocessing = 0;
		};
/* End PBXFrameworksBuildPhase section */

/* Begin PBXGroup section */
		FE59BE6521D94998006EA7CC = {
			isa = PBXGroup;
			children = (
				FE59BE7021D94998006EA7CC /* on the map */,
				FE59BE6F21D94998006EA7CC /* Products */,
			);
			sourceTree = "<group>";
		};
		FE59BE6F21D94998006EA7CC /* Products */ = {
			isa = PBXGroup;
			children = (
				FE59BE6E21D94998006EA7CC /* on the map.app */,
			);
			name = Products;
			sourceTree = "<group>";
		};
		FE59BE7021D94998006EA7CC /* on the map */ = {
			isa = PBXGroup;
			children = (
				FE59BE8721D94BFE006EA7CC /* Supporting Files */,
				FE59BE8621D94BD1006EA7CC /* Controller */,
				FE59BE8521D94BCB006EA7CC /* View */,
				FE59BE8421D94BC5006EA7CC /* Model */,
				FE59BE8321D94BBE006EA7CC /* Assets */,
				FE59BE7121D94998006EA7CC /* AppDelegate.swift */,
			);
			path = "on the map";
			sourceTree = "<group>";
		};
		FE59BE8321D94BBE006EA7CC /* Assets */ = {
			isa = PBXGroup;
			children = (
				FE59BE8C21D94DF6006EA7CC /* Assets.xcassets */,
				FE59BE7521D94998006EA7CC /* Main.storyboard */,
				FE59BE7A21D94999006EA7CC /* LaunchScreen.storyboard */,
			);
			path = Assets;
			sourceTree = "<group>";
		};
		FE59BE8421D94BC5006EA7CC /* Model */ = {
			isa = PBXGroup;
			children = (
				FEDAAD0F21DD107300AA3346 /* Clients */,
			);
			path = Model;
			sourceTree = "<group>";
		};
		FE59BE8521D94BCB006EA7CC /* View */ = {
			isa = PBXGroup;
			children = (
			);
			path = View;
			sourceTree = "<group>";
		};
		FE59BE8621D94BD1006EA7CC /* Controller */ = {
			isa = PBXGroup;
			children = (
				FE59BE7321D94998006EA7CC /* LoginViewController.swift */,
				FE4E62D121E2A2AF0001BB5E /* TabBarController.swift */,
			);
			path = Controller;
			sourceTree = "<group>";
		};
		FE59BE8721D94BFE006EA7CC /* Supporting Files */ = {
			isa = PBXGroup;
			children = (
				FE59BE7D21D94999006EA7CC /* Info.plist */,
			);
			path = "Supporting Files";
			sourceTree = "<group>";
		};
		FEDAAD0F21DD107300AA3346 /* Clients */ = {
			isa = PBXGroup;
			children = (
				FEDAAD1121DD10DA00AA3346 /* Parse */,
				FEDAAD1021DD10D100AA3346 /* Udacity */,
			);
			path = Clients;
			sourceTree = "<group>";
		};
		FEDAAD1021DD10D100AA3346 /* Udacity */ = {
			isa = PBXGroup;
			children = (
				FEDAAD1221DD115000AA3346 /* UdacityConstants.swift */,
				FEDAAD1421DD116200AA3346 /* UdacityClient.swift */,
				FE5AE22721E0284D0098EFF0 /* UdacityConvenience.swift */,
			);
			path = Udacity;
			sourceTree = "<group>";
		};
		FEDAAD1121DD10DA00AA3346 /* Parse */ = {
			isa = PBXGroup;
			children = (
				FEDAAD1621DD631000AA3346 /* ParseConstants.swift */,
				FEDAAD1821DD631B00AA3346 /* ParseClient.swift */,
			);
			path = Parse;
			sourceTree = "<group>";
		};
/* End PBXGroup section */

/* Begin PBXNativeTarget section */
		FE59BE6D21D94998006EA7CC /* on the map */ = {
			isa = PBXNativeTarget;
			buildConfigurationList = FE59BE8021D94999006EA7CC /* Build configuration list for PBXNativeTarget "on the map" */;
			buildPhases = (
				FE59BE6A21D94998006EA7CC /* Sources */,
				FE59BE6B21D94998006EA7CC /* Frameworks */,
				FE59BE6C21D94998006EA7CC /* Resources */,
			);
			buildRules = (
			);
			dependencies = (
			);
			name = "on the map";
			productName = "on the map";
			productReference = FE59BE6E21D94998006EA7CC /* on the map.app */;
			productType = "com.apple.product-type.application";
		};
/* End PBXNativeTarget section */

/* Begin PBXProject section */
		FE59BE6621D94998006EA7CC /* Project object */ = {
			isa = PBXProject;
			attributes = {
				LastSwiftUpdateCheck = 1010;
				LastUpgradeCheck = 1010;
				ORGANIZATIONNAME = "Matheus Lima";
				TargetAttributes = {
					FE59BE6D21D94998006EA7CC = {
						CreatedOnToolsVersion = 10.1;
					};
				};
			};
			buildConfigurationList = FE59BE6921D94998006EA7CC /* Build configuration list for PBXProject "on the map" */;
			compatibilityVersion = "Xcode 9.3";
			developmentRegion = en;
			hasScannedForEncodings = 0;
			knownRegions = (
				en,
				Base,
			);
			mainGroup = FE59BE6521D94998006EA7CC;
			productRefGroup = FE59BE6F21D94998006EA7CC /* Products */;
			projectDirPath = "";
			projectRoot = "";
			targets = (
				FE59BE6D21D94998006EA7CC /* on the map */,
			);
		};
/* End PBXProject section */

/* Begin PBXResourcesBuildPhase section */
		FE59BE6C21D94998006EA7CC /* Resources */ = {
			isa = PBXResourcesBuildPhase;
			buildActionMask = 2147483647;
			files = (
				FE59BE7C21D94999006EA7CC /* LaunchScreen.storyboard in Resources */,
				FE59BE8D21D94DF6006EA7CC /* Assets.xcassets in Resources */,
				FE59BE7721D94998006EA7CC /* Main.storyboard in Resources */,
			);
			runOnlyForDeploymentPostprocessing = 0;
		};
/* End PBXResourcesBuildPhase section */

/* Begin PBXSourcesBuildPhase section */
		FE59BE6A21D94998006EA7CC /* Sources */ = {
			isa = PBXSourcesBuildPhase;
			buildActionMask = 2147483647;
			files = (
				FEDAAD1921DD631B00AA3346 /* ParseClient.swift in Sources */,
				FE4E62D221E2A2AF0001BB5E /* TabBarController.swift in Sources */,
				FEDAAD1521DD116200AA3346 /* UdacityClient.swift in Sources */,
				FE59BE7421D94998006EA7CC /* LoginViewController.swift in Sources */,
				FE59BE7221D94998006EA7CC /* AppDelegate.swift in Sources */,
				FEDAAD1721DD631000AA3346 /* ParseConstants.swift in Sources */,
				FE5AE22821E0284D0098EFF0 /* UdacityConvenience.swift in Sources */,
				FEDAAD1321DD115000AA3346 /* UdacityConstants.swift in Sources */,
			);
			runOnlyForDeploymentPostprocessing = 0;
		};
/* End PBXSourcesBuildPhase section */

/* Begin PBXVariantGroup section */
		FE59BE7521D94998006EA7CC /* Main.storyboard */ = {
			isa = PBXVariantGroup;
			children = (
				FE59BE7621D94998006EA7CC /* Base */,
			);
			name = Main.storyboard;
			sourceTree = "<group>";
		};
		FE59BE7A21D94999006EA7CC /* LaunchScreen.storyboard */ = {
			isa = PBXVariantGroup;
			children = (
				FE59BE7B21D94999006EA7CC /* Base */,
			);
			name = LaunchScreen.storyboard;
			sourceTree = "<group>";
		};
/* End PBXVariantGroup section */

/* Begin XCBuildConfiguration section */
		FE59BE7E21D94999006EA7CC /* Debug */ = {
			isa = XCBuildConfiguration;
			buildSettings = {
				ALWAYS_SEARCH_USER_PATHS = NO;
				CLANG_ANALYZER_NONNULL = YES;
				CLANG_ANALYZER_NUMBER_OBJECT_CONVERSION = YES_AGGRESSIVE;
				CLANG_CXX_LANGUAGE_STANDARD = "gnu++14";
				CLANG_CXX_LIBRARY = "libc++";
				CLANG_ENABLE_MODULES = YES;
				CLANG_ENABLE_OBJC_ARC = YES;
				CLANG_ENABLE_OBJC_WEAK = YES;
				CLANG_WARN_BLOCK_CAPTURE_AUTORELEASING = YES;
				CLANG_WARN_BOOL_CONVERSION = YES;
				CLANG_WARN_COMMA = YES;
				CLANG_WARN_CONSTANT_CONVERSION = YES;
				CLANG_WARN_DEPRECATED_OBJC_IMPLEMENTATIONS = YES;
				CLANG_WARN_DIRECT_OBJC_ISA_USAGE = YES_ERROR;
				CLANG_WARN_DOCUMENTATION_COMMENTS = YES;
				CLANG_WARN_EMPTY_BODY = YES;
				CLANG_WARN_ENUM_CONVERSION = YES;
				CLANG_WARN_INFINITE_RECURSION = YES;
				CLANG_WARN_INT_CONVERSION = YES;
				CLANG_WARN_NON_LITERAL_NULL_CONVERSION = YES;
				CLANG_WARN_OBJC_IMPLICIT_RETAIN_SELF = YES;
				CLANG_WARN_OBJC_LITERAL_CONVERSION = YES;
				CLANG_WARN_OBJC_ROOT_CLASS = YES_ERROR;
				CLANG_WARN_RANGE_LOOP_ANALYSIS = YES;
				CLANG_WARN_STRICT_PROTOTYPES = YES;
				CLANG_WARN_SUSPICIOUS_MOVE = YES;
				CLANG_WARN_UNGUARDED_AVAILABILITY = YES_AGGRESSIVE;
				CLANG_WARN_UNREACHABLE_CODE = YES;
				CLANG_WARN__DUPLICATE_METHOD_MATCH = YES;
				CODE_SIGN_IDENTITY = "iPhone Developer";
				COPY_PHASE_STRIP = NO;
				DEBUG_INFORMATION_FORMAT = dwarf;
				ENABLE_STRICT_OBJC_MSGSEND = YES;
				ENABLE_TESTABILITY = YES;
				GCC_C_LANGUAGE_STANDARD = gnu11;
				GCC_DYNAMIC_NO_PIC = NO;
				GCC_NO_COMMON_BLOCKS = YES;
				GCC_OPTIMIZATION_LEVEL = 0;
				GCC_PREPROCESSOR_DEFINITIONS = (
					"DEBUG=1",
					"$(inherited)",
				);
				GCC_WARN_64_TO_32_BIT_CONVERSION = YES;
				GCC_WARN_ABOUT_RETURN_TYPE = YES_ERROR;
				GCC_WARN_UNDECLARED_SELECTOR = YES;
				GCC_WARN_UNINITIALIZED_AUTOS = YES_AGGRESSIVE;
				GCC_WARN_UNUSED_FUNCTION = YES;
				GCC_WARN_UNUSED_VARIABLE = YES;
				IPHONEOS_DEPLOYMENT_TARGET = 12.1;
				MTL_ENABLE_DEBUG_INFO = INCLUDE_SOURCE;
				MTL_FAST_MATH = YES;
				ONLY_ACTIVE_ARCH = YES;
				SDKROOT = iphoneos;
				SWIFT_ACTIVE_COMPILATION_CONDITIONS = DEBUG;
				SWIFT_OPTIMIZATION_LEVEL = "-Onone";
			};
			name = Debug;
		};
		FE59BE7F21D94999006EA7CC /* Release */ = {
			isa = XCBuildConfiguration;
			buildSettings = {
				ALWAYS_SEARCH_USER_PATHS = NO;
				CLANG_ANALYZER_NONNULL = YES;
				CLANG_ANALYZER_NUMBER_OBJECT_CONVERSION = YES_AGGRESSIVE;
				CLANG_CXX_LANGUAGE_STANDARD = "gnu++14";
				CLANG_CXX_LIBRARY = "libc++";
				CLANG_ENABLE_MODULES = YES;
				CLANG_ENABLE_OBJC_ARC = YES;
				CLANG_ENABLE_OBJC_WEAK = YES;
				CLANG_WARN_BLOCK_CAPTURE_AUTORELEASING = YES;
				CLANG_WARN_BOOL_CONVERSION = YES;
				CLANG_WARN_COMMA = YES;
				CLANG_WARN_CONSTANT_CONVERSION = YES;
				CLANG_WARN_DEPRECATED_OBJC_IMPLEMENTATIONS = YES;
				CLANG_WARN_DIRECT_OBJC_ISA_USAGE = YES_ERROR;
				CLANG_WARN_DOCUMENTATION_COMMENTS = YES;
				CLANG_WARN_EMPTY_BODY = YES;
				CLANG_WARN_ENUM_CONVERSION = YES;
				CLANG_WARN_INFINITE_RECURSION = YES;
				CLANG_WARN_INT_CONVERSION = YES;
				CLANG_WARN_NON_LITERAL_NULL_CONVERSION = YES;
				CLANG_WARN_OBJC_IMPLICIT_RETAIN_SELF = YES;
				CLANG_WARN_OBJC_LITERAL_CONVERSION = YES;
				CLANG_WARN_OBJC_ROOT_CLASS = YES_ERROR;
				CLANG_WARN_RANGE_LOOP_ANALYSIS = YES;
				CLANG_WARN_STRICT_PROTOTYPES = YES;
				CLANG_WARN_SUSPICIOUS_MOVE = YES;
				CLANG_WARN_UNGUARDED_AVAILABILITY = YES_AGGRESSIVE;
				CLANG_WARN_UNREACHABLE_CODE = YES;
				CLANG_WARN__DUPLICATE_METHOD_MATCH = YES;
				CODE_SIGN_IDENTITY = "iPhone Developer";
				COPY_PHASE_STRIP = NO;
				DEBUG_INFORMATION_FORMAT = "dwarf-with-dsym";
				ENABLE_NS_ASSERTIONS = NO;
				ENABLE_STRICT_OBJC_MSGSEND = YES;
				GCC_C_LANGUAGE_STANDARD = gnu11;
				GCC_NO_COMMON_BLOCKS = YES;
				GCC_WARN_64_TO_32_BIT_CONVERSION = YES;
				GCC_WARN_ABOUT_RETURN_TYPE = YES_ERROR;
				GCC_WARN_UNDECLARED_SELECTOR = YES;
				GCC_WARN_UNINITIALIZED_AUTOS = YES_AGGRESSIVE;
				GCC_WARN_UNUSED_FUNCTION = YES;
				GCC_WARN_UNUSED_VARIABLE = YES;
				IPHONEOS_DEPLOYMENT_TARGET = 12.1;
				MTL_ENABLE_DEBUG_INFO = NO;
				MTL_FAST_MATH = YES;
				SDKROOT = iphoneos;
				SWIFT_COMPILATION_MODE = wholemodule;
				SWIFT_OPTIMIZATION_LEVEL = "-O";
				VALIDATE_PRODUCT = YES;
			};
			name = Release;
		};
		FE59BE8121D94999006EA7CC /* Debug */ = {
			isa = XCBuildConfiguration;
			buildSettings = {
				ASSETCATALOG_COMPILER_APPICON_NAME = AppIcon;
				CODE_SIGN_STYLE = Automatic;
				DEVELOPMENT_TEAM = 3TBYKSQUS6;
				INFOPLIST_FILE = "$(SRCROOT)/on the map/Supporting Files/Info.plist";
				LD_RUNPATH_SEARCH_PATHS = (
					"$(inherited)",
					"@executable_path/Frameworks",
				);
				PRODUCT_BUNDLE_IDENTIFIER = "com.udacity.course.matheus.lima.on-the-map";
				PRODUCT_NAME = "$(TARGET_NAME)";
				SWIFT_VERSION = 4.2;
				TARGETED_DEVICE_FAMILY = "1,2";
			};
			name = Debug;
		};
		FE59BE8221D94999006EA7CC /* Release */ = {
			isa = XCBuildConfiguration;
			buildSettings = {
				ASSETCATALOG_COMPILER_APPICON_NAME = AppIcon;
				CODE_SIGN_STYLE = Automatic;
				DEVELOPMENT_TEAM = 3TBYKSQUS6;
				INFOPLIST_FILE = "$(SRCROOT)/on the map/Supporting Files/Info.plist";
				LD_RUNPATH_SEARCH_PATHS = (
					"$(inherited)",
					"@executable_path/Frameworks",
				);
				PRODUCT_BUNDLE_IDENTIFIER = "com.udacity.course.matheus.lima.on-the-map";
				PRODUCT_NAME = "$(TARGET_NAME)";
				SWIFT_VERSION = 4.2;
				TARGETED_DEVICE_FAMILY = "1,2";
			};
			name = Release;
		};
/* End XCBuildConfiguration section */

/* Begin XCConfigurationList section */
		FE59BE6921D94998006EA7CC /* Build configuration list for PBXProject "on the map" */ = {
			isa = XCConfigurationList;
			buildConfigurations = (
				FE59BE7E21D94999006EA7CC /* Debug */,
				FE59BE7F21D94999006EA7CC /* Release */,
			);
			defaultConfigurationIsVisible = 0;
			defaultConfigurationName = Release;
		};
		FE59BE8021D94999006EA7CC /* Build configuration list for PBXNativeTarget "on the map" */ = {
			isa = XCConfigurationList;
			buildConfigurations = (
				FE59BE8121D94999006EA7CC /* Debug */,
				FE59BE8221D94999006EA7CC /* Release */,
			);
			defaultConfigurationIsVisible = 0;
			defaultConfigurationName = Release;
		};
/* End XCConfigurationList section */
	};
	rootObject = FE59BE6621D94998006EA7CC /* Project object */;
}
